
Microsoft Visual Studio Solution File, Format Version 12.00
# Visual Studio Version 17
VisualStudioVersion = 17.0.32112.339
MinimumVisualStudioVersion = 10.0.40219.1
Project("{FAE04EC0-301F-11D3-BF4B-00C04F79EFBC}") = "MaquinaExpendedoraPizzas", "MaquinaExpendedoraPizzas\MaquinaExpendedoraPizzas.csproj", "{733FD570-22F0-4879-968C-E8C198DE70C7}"
EndProject
Global
	GlobalSection(SolutionConfigurationPlatforms) = preSolution
		Debug|Any CPU = Debug|Any CPU
		Release|Any CPU = Release|Any CPU
	EndGlobalSection
	GlobalSection(ProjectConfigurationPlatforms) = postSolution
		{733FD570-22F0-4879-968C-E8C198DE70C7}.Debug|Any CPU.ActiveCfg = Debug|Any CPU
		{733FD570-22F0-4879-968C-E8C198DE70C7}.Debug|Any CPU.Build.0 = Debug|Any CPU
		{733FD570-22F0-4879-968C-E8C198DE70C7}.Release|Any CPU.ActiveCfg = Release|Any CPU
		{733FD570-22F0-4879-968C-E8C198DE70C7}.Release|Any CPU.Build.0 = Release|Any CPU
	EndGlobalSection
	GlobalSection(SolutionProperties) = preSolution
		HideSolutionNode = FALSE
	EndGlobalSection
	GlobalSection(ExtensibilityGlobals) = postSolution
		SolutionGuid = {EB47F8A6-C7E0-47C9-BFBB-8AA5F861841C}
	EndGlobalSection
EndGlobal
